
Microsoft Visual Studio Solution File, Format Version 12.00
# Visual Studio Version 17
VisualStudioVersion = 17.13.36105.23 d17.13
MinimumVisualStudioVersion = 10.0.40219.1
Project("{FAE04EC0-301F-11D3-BF4B-00C04F79EFBC}") = "backBG", "backBG\backBG.csproj", "{91AD35B4-FA3C-4D80-AA53-DB97D7BA98EE}"
EndProject
Global
	GlobalSection(SolutionConfigurationPlatforms) = preSolution
		Debug|Any CPU = Debug|Any CPU
		Release|Any CPU = Release|Any CPU
	EndGlobalSection
	GlobalSection(ProjectConfigurationPlatforms) = postSolution
		{91AD35B4-FA3C-4D80-AA53-DB97D7BA98EE}.Debug|Any CPU.ActiveCfg = Debug|Any CPU
		{91AD35B4-FA3C-4D80-AA53-DB97D7BA98EE}.Debug|Any CPU.Build.0 = Debug|Any CPU
		{91AD35B4-FA3C-4D80-AA53-DB97D7BA98EE}.Release|Any CPU.ActiveCfg = Release|Any CPU
		{91AD35B4-FA3C-4D80-AA53-DB97D7BA98EE}.Release|Any CPU.Build.0 = Release|Any CPU
	EndGlobalSection
	GlobalSection(SolutionProperties) = preSolution
		HideSolutionNode = FALSE
	EndGlobalSection
	GlobalSection(ExtensibilityGlobals) = postSolution
		SolutionGuid = {F93AA3EC-C844-40F5-8351-E1F28103142F}
	EndGlobalSection
EndGlobal
